
Microsoft Visual Studio Solution File, Format Version 12.00
# Visual Studio Version 17
VisualStudioVersion = 17.2.32526.322
MinimumVisualStudioVersion = 10.0.40219.1
Project("{FAE04EC0-301F-11D3-BF4B-00C04F79EFBC}") = "RetailCRUD", "RetailCRUD\RetailCRUD.csproj", "{241374AC-E26E-446C-A106-DF5F841D8CB2}"
EndProject
Global
	GlobalSection(SolutionConfigurationPlatforms) = preSolution
		Debug|Any CPU = Debug|Any CPU
		Release|Any CPU = Release|Any CPU
	EndGlobalSection
	GlobalSection(ProjectConfigurationPlatforms) = postSolution
		{241374AC-E26E-446C-A106-DF5F841D8CB2}.Debug|Any CPU.ActiveCfg = Debug|Any CPU
		{241374AC-E26E-446C-A106-DF5F841D8CB2}.Debug|Any CPU.Build.0 = Debug|Any CPU
		{241374AC-E26E-446C-A106-DF5F841D8CB2}.Release|Any CPU.ActiveCfg = Release|Any CPU
		{241374AC-E26E-446C-A106-DF5F841D8CB2}.Release|Any CPU.Build.0 = Release|Any CPU
	EndGlobalSection
	GlobalSection(SolutionProperties) = preSolution
		HideSolutionNode = FALSE
	EndGlobalSection
	GlobalSection(ExtensibilityGlobals) = postSolution
		SolutionGuid = {4D64DCF0-EA50-4D8B-87A3-D1951D4E570D}
	EndGlobalSection
EndGlobal
