
Microsoft Visual Studio Solution File, Format Version 12.00
# Visual Studio Version 17
VisualStudioVersion = 17.2.32630.192
MinimumVisualStudioVersion = 10.0.40219.1
Project("{FAE04EC0-301F-11D3-BF4B-00C04F79EFBC}") = "RoleBased", "RoleBased\RoleBased.csproj", "{9AA08440-E9FD-462C-980F-AD2BD76561D3}"
EndProject
Global
	GlobalSection(SolutionConfigurationPlatforms) = preSolution
		Debug|Any CPU = Debug|Any CPU
		Release|Any CPU = Release|Any CPU
	EndGlobalSection
	GlobalSection(ProjectConfigurationPlatforms) = postSolution
		{9AA08440-E9FD-462C-980F-AD2BD76561D3}.Debug|Any CPU.ActiveCfg = Debug|Any CPU
		{9AA08440-E9FD-462C-980F-AD2BD76561D3}.Debug|Any CPU.Build.0 = Debug|Any CPU
		{9AA08440-E9FD-462C-980F-AD2BD76561D3}.Release|Any CPU.ActiveCfg = Release|Any CPU
		{9AA08440-E9FD-462C-980F-AD2BD76561D3}.Release|Any CPU.Build.0 = Release|Any CPU
	EndGlobalSection
	GlobalSection(SolutionProperties) = preSolution
		HideSolutionNode = FALSE
	EndGlobalSection
	GlobalSection(ExtensibilityGlobals) = postSolution
		SolutionGuid = {C4D844AF-D179-4A70-979E-AEA303ED58A0}
	EndGlobalSection
EndGlobal
