
Microsoft Visual Studio Solution File, Format Version 12.00
# Visual Studio Version 17
VisualStudioVersion = 17.2.32505.173
MinimumVisualStudioVersion = 10.0.40219.1
Project("{FAE04EC0-301F-11D3-BF4B-00C04F79EFBC}") = "LSQMath.Algebra", "LSQMath.Algebra\LSQMath.Algebra.csproj", "{8D0E96BE-6A90-48BC-8D8A-CE494375EC1B}"
EndProject
Global
	GlobalSection(SolutionConfigurationPlatforms) = preSolution
		Debug|Any CPU = Debug|Any CPU
		Release|Any CPU = Release|Any CPU
	EndGlobalSection
	GlobalSection(ProjectConfigurationPlatforms) = postSolution
		{8D0E96BE-6A90-48BC-8D8A-CE494375EC1B}.Debug|Any CPU.ActiveCfg = Debug|Any CPU
		{8D0E96BE-6A90-48BC-8D8A-CE494375EC1B}.Debug|Any CPU.Build.0 = Debug|Any CPU
		{8D0E96BE-6A90-48BC-8D8A-CE494375EC1B}.Release|Any CPU.ActiveCfg = Release|Any CPU
		{8D0E96BE-6A90-48BC-8D8A-CE494375EC1B}.Release|Any CPU.Build.0 = Release|Any CPU
	EndGlobalSection
	GlobalSection(SolutionProperties) = preSolution
		HideSolutionNode = FALSE
	EndGlobalSection
	GlobalSection(ExtensibilityGlobals) = postSolution
		SolutionGuid = {3D30A88F-67AE-410E-8B81-D839C923B17D}
	EndGlobalSection
EndGlobal
