
Microsoft Visual Studio Solution File, Format Version 12.00
# Visual Studio Version 17
VisualStudioVersion = 17.2.32505.173
MinimumVisualStudioVersion = 10.0.40219.1
Project("{9A19103F-16F7-4668-BE54-9A1E7A4F7556}") = "Practice", "Practice\Practice.csproj", "{BC757887-C982-4EE0-A168-CD4FA83183DC}"
EndProject
Project("{FAE04EC0-301F-11D3-BF4B-00C04F79EFBC}") = "ListCol", "ListCol\ListCol.csproj", "{96AD1DE5-07D6-4A1E-8F5B-E5A8E56A2EA7}"
EndProject
Project("{FAE04EC0-301F-11D3-BF4B-00C04F79EFBC}") = "DictCol", "DictCol\DictCol.csproj", "{4C420727-2EA7-4C42-9F59-48A5ECF61BAF}"
EndProject
Global
	GlobalSection(SolutionConfigurationPlatforms) = preSolution
		Debug|Any CPU = Debug|Any CPU
		Release|Any CPU = Release|Any CPU
	EndGlobalSection
	GlobalSection(ProjectConfigurationPlatforms) = postSolution
		{BC757887-C982-4EE0-A168-CD4FA83183DC}.Debug|Any CPU.ActiveCfg = Debug|Any CPU
		{BC757887-C982-4EE0-A168-CD4FA83183DC}.Debug|Any CPU.Build.0 = Debug|Any CPU
		{BC757887-C982-4EE0-A168-CD4FA83183DC}.Release|Any CPU.ActiveCfg = Release|Any CPU
		{BC757887-C982-4EE0-A168-CD4FA83183DC}.Release|Any CPU.Build.0 = Release|Any CPU
		{96AD1DE5-07D6-4A1E-8F5B-E5A8E56A2EA7}.Debug|Any CPU.ActiveCfg = Debug|Any CPU
		{96AD1DE5-07D6-4A1E-8F5B-E5A8E56A2EA7}.Debug|Any CPU.Build.0 = Debug|Any CPU
		{96AD1DE5-07D6-4A1E-8F5B-E5A8E56A2EA7}.Release|Any CPU.ActiveCfg = Release|Any CPU
		{96AD1DE5-07D6-4A1E-8F5B-E5A8E56A2EA7}.Release|Any CPU.Build.0 = Release|Any CPU
		{4C420727-2EA7-4C42-9F59-48A5ECF61BAF}.Debug|Any CPU.ActiveCfg = Debug|Any CPU
		{4C420727-2EA7-4C42-9F59-48A5ECF61BAF}.Debug|Any CPU.Build.0 = Debug|Any CPU
		{4C420727-2EA7-4C42-9F59-48A5ECF61BAF}.Release|Any CPU.ActiveCfg = Release|Any CPU
		{4C420727-2EA7-4C42-9F59-48A5ECF61BAF}.Release|Any CPU.Build.0 = Release|Any CPU
	EndGlobalSection
	GlobalSection(SolutionProperties) = preSolution
		HideSolutionNode = FALSE
	EndGlobalSection
	GlobalSection(ExtensibilityGlobals) = postSolution
		SolutionGuid = {26B7C889-9E18-4C6C-8301-9BE8F3D0D35F}
	EndGlobalSection
EndGlobal
