
Microsoft Visual Studio Solution File, Format Version 12.00
# Visual Studio Version 17
VisualStudioVersion = 17.2.32630.192
MinimumVisualStudioVersion = 10.0.40219.1
Project("{FAE04EC0-301F-11D3-BF4B-00C04F79EFBC}") = "MVCAuth", "MVCAuth\MVCAuth.csproj", "{2D24D776-00F5-41BF-8329-FDE54C5EF7CA}"
EndProject
Project("{FAE04EC0-301F-11D3-BF4B-00C04F79EFBC}") = "MVCAuthIndividual", "MVCAuthIndividual\MVCAuthIndividual.csproj", "{84960CB1-E2EA-4C2B-816D-EDC7B379196B}"
EndProject
Global
	GlobalSection(SolutionConfigurationPlatforms) = preSolution
		Debug|Any CPU = Debug|Any CPU
		Release|Any CPU = Release|Any CPU
	EndGlobalSection
	GlobalSection(ProjectConfigurationPlatforms) = postSolution
		{2D24D776-00F5-41BF-8329-FDE54C5EF7CA}.Debug|Any CPU.ActiveCfg = Debug|Any CPU
		{2D24D776-00F5-41BF-8329-FDE54C5EF7CA}.Debug|Any CPU.Build.0 = Debug|Any CPU
		{2D24D776-00F5-41BF-8329-FDE54C5EF7CA}.Release|Any CPU.ActiveCfg = Release|Any CPU
		{2D24D776-00F5-41BF-8329-FDE54C5EF7CA}.Release|Any CPU.Build.0 = Release|Any CPU
		{84960CB1-E2EA-4C2B-816D-EDC7B379196B}.Debug|Any CPU.ActiveCfg = Debug|Any CPU
		{84960CB1-E2EA-4C2B-816D-EDC7B379196B}.Debug|Any CPU.Build.0 = Debug|Any CPU
		{84960CB1-E2EA-4C2B-816D-EDC7B379196B}.Release|Any CPU.ActiveCfg = Release|Any CPU
		{84960CB1-E2EA-4C2B-816D-EDC7B379196B}.Release|Any CPU.Build.0 = Release|Any CPU
	EndGlobalSection
	GlobalSection(SolutionProperties) = preSolution
		HideSolutionNode = FALSE
	EndGlobalSection
	GlobalSection(ExtensibilityGlobals) = postSolution
		SolutionGuid = {C6A6D0BB-3351-4097-9743-8F7B56E0E0C2}
	EndGlobalSection
EndGlobal
