
Microsoft Visual Studio Solution File, Format Version 12.00
# Visual Studio Version 17
VisualStudioVersion = 17.2.32630.192
MinimumVisualStudioVersion = 10.0.40219.1
Project("{9A19103F-16F7-4668-BE54-9A1E7A4F7556}") = "MizzaItemsCore.DataModel", "MizzaItemsCore.DataModel\MizzaItemsCore.DataModel.csproj", "{EE017DBC-CA10-4398-B40A-D0F779F696D7}"
EndProject
Project("{FAE04EC0-301F-11D3-BF4B-00C04F79EFBC}") = "MizzaToppings.DataModels", "MizzaToppings.DataModels\MizzaToppings.DataModels.csproj", "{3F000757-74CF-4FD5-83FB-2F8D2B36461F}"
EndProject
Project("{9A19103F-16F7-4668-BE54-9A1E7A4F7556}") = "MizzaApp.MVCCore", "MizzaApp.MVCCore\MizzaApp.MVCCore.csproj", "{D0E9236A-EAF6-41BF-B765-FFAB6CB10C84}"
EndProject
Project("{9A19103F-16F7-4668-BE54-9A1E7A4F7556}") = "MizzaToppingsCore.DataModel", "MizzaToppingsCore.DataModel\MizzaToppingsCore.DataModel.csproj", "{2B49E19A-CCE8-426C-ACC0-268090D21D09}"
EndProject
Project("{FAE04EC0-301F-11D3-BF4B-00C04F79EFBC}") = "MizzaPricesCore.DataModel", "MizzaPricesCore.DataModel\MizzaPricesCore.DataModel.csproj", "{40EEAEFF-DB56-42E2-A2B1-FA493AA674CC}"
EndProject
Global
	GlobalSection(SolutionConfigurationPlatforms) = preSolution
		Debug|Any CPU = Debug|Any CPU
		Release|Any CPU = Release|Any CPU
	EndGlobalSection
	GlobalSection(ProjectConfigurationPlatforms) = postSolution
		{EE017DBC-CA10-4398-B40A-D0F779F696D7}.Debug|Any CPU.ActiveCfg = Debug|Any CPU
		{EE017DBC-CA10-4398-B40A-D0F779F696D7}.Debug|Any CPU.Build.0 = Debug|Any CPU
		{EE017DBC-CA10-4398-B40A-D0F779F696D7}.Release|Any CPU.ActiveCfg = Release|Any CPU
		{EE017DBC-CA10-4398-B40A-D0F779F696D7}.Release|Any CPU.Build.0 = Release|Any CPU
		{3F000757-74CF-4FD5-83FB-2F8D2B36461F}.Debug|Any CPU.ActiveCfg = Debug|Any CPU
		{3F000757-74CF-4FD5-83FB-2F8D2B36461F}.Debug|Any CPU.Build.0 = Debug|Any CPU
		{3F000757-74CF-4FD5-83FB-2F8D2B36461F}.Release|Any CPU.ActiveCfg = Release|Any CPU
		{3F000757-74CF-4FD5-83FB-2F8D2B36461F}.Release|Any CPU.Build.0 = Release|Any CPU
		{D0E9236A-EAF6-41BF-B765-FFAB6CB10C84}.Debug|Any CPU.ActiveCfg = Debug|Any CPU
		{D0E9236A-EAF6-41BF-B765-FFAB6CB10C84}.Debug|Any CPU.Build.0 = Debug|Any CPU
		{D0E9236A-EAF6-41BF-B765-FFAB6CB10C84}.Release|Any CPU.ActiveCfg = Release|Any CPU
		{D0E9236A-EAF6-41BF-B765-FFAB6CB10C84}.Release|Any CPU.Build.0 = Release|Any CPU
		{2B49E19A-CCE8-426C-ACC0-268090D21D09}.Debug|Any CPU.ActiveCfg = Debug|Any CPU
		{2B49E19A-CCE8-426C-ACC0-268090D21D09}.Debug|Any CPU.Build.0 = Debug|Any CPU
		{2B49E19A-CCE8-426C-ACC0-268090D21D09}.Release|Any CPU.ActiveCfg = Release|Any CPU
		{2B49E19A-CCE8-426C-ACC0-268090D21D09}.Release|Any CPU.Build.0 = Release|Any CPU
		{40EEAEFF-DB56-42E2-A2B1-FA493AA674CC}.Debug|Any CPU.ActiveCfg = Debug|Any CPU
		{40EEAEFF-DB56-42E2-A2B1-FA493AA674CC}.Debug|Any CPU.Build.0 = Debug|Any CPU
		{40EEAEFF-DB56-42E2-A2B1-FA493AA674CC}.Release|Any CPU.ActiveCfg = Release|Any CPU
		{40EEAEFF-DB56-42E2-A2B1-FA493AA674CC}.Release|Any CPU.Build.0 = Release|Any CPU
	EndGlobalSection
	GlobalSection(SolutionProperties) = preSolution
		HideSolutionNode = FALSE
	EndGlobalSection
	GlobalSection(ExtensibilityGlobals) = postSolution
		SolutionGuid = {9717CD74-8A76-41DE-A3DF-8B4F368C2A2C}
	EndGlobalSection
EndGlobal
