
Microsoft Visual Studio Solution File, Format Version 12.00
# Visual Studio Version 17
VisualStudioVersion = 17.2.32630.192
MinimumVisualStudioVersion = 10.0.40219.1
Project("{FAE04EC0-301F-11D3-BF4B-00C04F79EFBC}") = "ADOMizzaApp", "ADOMizzaApp\ADOMizzaApp.csproj", "{9AAB387B-14DE-42C8-940B-276E2243BE41}"
EndProject
Project("{FAE04EC0-301F-11D3-BF4B-00C04F79EFBC}") = "Mizza.DataRepo", "Mizza.DataRepo\Mizza.DataRepo.csproj", "{8285310B-E0DE-4249-BDFE-18ECCFF084A9}"
EndProject
Project("{FAE04EC0-301F-11D3-BF4B-00C04F79EFBC}") = "Mizza.DataModels", "Mizza.DataModels\Mizza.DataModels.csproj", "{1311C3AD-3B1B-453D-A5E2-62C4D53DF9B3}"
EndProject
Global
	GlobalSection(SolutionConfigurationPlatforms) = preSolution
		Debug|Any CPU = Debug|Any CPU
		Release|Any CPU = Release|Any CPU
	EndGlobalSection
	GlobalSection(ProjectConfigurationPlatforms) = postSolution
		{9AAB387B-14DE-42C8-940B-276E2243BE41}.Debug|Any CPU.ActiveCfg = Debug|Any CPU
		{9AAB387B-14DE-42C8-940B-276E2243BE41}.Debug|Any CPU.Build.0 = Debug|Any CPU
		{9AAB387B-14DE-42C8-940B-276E2243BE41}.Release|Any CPU.ActiveCfg = Release|Any CPU
		{9AAB387B-14DE-42C8-940B-276E2243BE41}.Release|Any CPU.Build.0 = Release|Any CPU
		{8285310B-E0DE-4249-BDFE-18ECCFF084A9}.Debug|Any CPU.ActiveCfg = Debug|Any CPU
		{8285310B-E0DE-4249-BDFE-18ECCFF084A9}.Debug|Any CPU.Build.0 = Debug|Any CPU
		{8285310B-E0DE-4249-BDFE-18ECCFF084A9}.Release|Any CPU.ActiveCfg = Release|Any CPU
		{8285310B-E0DE-4249-BDFE-18ECCFF084A9}.Release|Any CPU.Build.0 = Release|Any CPU
		{1311C3AD-3B1B-453D-A5E2-62C4D53DF9B3}.Debug|Any CPU.ActiveCfg = Debug|Any CPU
		{1311C3AD-3B1B-453D-A5E2-62C4D53DF9B3}.Debug|Any CPU.Build.0 = Debug|Any CPU
		{1311C3AD-3B1B-453D-A5E2-62C4D53DF9B3}.Release|Any CPU.ActiveCfg = Release|Any CPU
		{1311C3AD-3B1B-453D-A5E2-62C4D53DF9B3}.Release|Any CPU.Build.0 = Release|Any CPU
	EndGlobalSection
	GlobalSection(SolutionProperties) = preSolution
		HideSolutionNode = FALSE
	EndGlobalSection
	GlobalSection(ExtensibilityGlobals) = postSolution
		SolutionGuid = {1F5F7A62-1D22-48C1-800B-A980994F71D7}
	EndGlobalSection
EndGlobal
