
Microsoft Visual Studio Solution File, Format Version 12.00
# Visual Studio Version 17
VisualStudioVersion = 17.2.32630.192
MinimumVisualStudioVersion = 10.0.40219.1
Project("{FAE04EC0-301F-11D3-BF4B-00C04F79EFBC}") = "MySQLAuth", "MySQLAuth\MySQLAuth.csproj", "{5911001F-2BDB-440C-A6C5-C7CC551495D0}"
EndProject
Global
	GlobalSection(SolutionConfigurationPlatforms) = preSolution
		Debug|Any CPU = Debug|Any CPU
		Release|Any CPU = Release|Any CPU
	EndGlobalSection
	GlobalSection(ProjectConfigurationPlatforms) = postSolution
		{5911001F-2BDB-440C-A6C5-C7CC551495D0}.Debug|Any CPU.ActiveCfg = Debug|Any CPU
		{5911001F-2BDB-440C-A6C5-C7CC551495D0}.Debug|Any CPU.Build.0 = Debug|Any CPU
		{5911001F-2BDB-440C-A6C5-C7CC551495D0}.Release|Any CPU.ActiveCfg = Release|Any CPU
		{5911001F-2BDB-440C-A6C5-C7CC551495D0}.Release|Any CPU.Build.0 = Release|Any CPU
	EndGlobalSection
	GlobalSection(SolutionProperties) = preSolution
		HideSolutionNode = FALSE
	EndGlobalSection
	GlobalSection(ExtensibilityGlobals) = postSolution
		SolutionGuid = {355818C3-EF98-41B4-93B5-A5A289616171}
	EndGlobalSection
EndGlobal
